
Microsoft Visual Studio Solution File, Format Version 12.00
# Visual Studio Version 17
VisualStudioVersion = 17.2.32519.379
MinimumVisualStudioVersion = 10.0.40219.1
Project("{9A19103F-16F7-4668-BE54-9A1E7A4F7556}") = "manuelvalueentry.database", "manuelvalueentry.database\manuelvalueentry.database.csproj", "{C67B238E-9B96-45DD-BBE3-3061D413C779}"
EndProject
Project("{9A19103F-16F7-4668-BE54-9A1E7A4F7556}") = "manuelvalueentry.entity", "manuelvalueentry.entity\manuelvalueentry.entity.csproj", "{2AFAC838-6A20-4F17-88ED-058337D0C75B}"
EndProject
Project("{9A19103F-16F7-4668-BE54-9A1E7A4F7556}") = "manuelvalueentry.bussiness", "manuelvalueentry.bussiness\manuelvalueentry.bussiness.csproj", "{BCCE6B66-7B1B-4BD6-8E8A-4A6E7D695BAE}"
EndProject
Project("{9A19103F-16F7-4668-BE54-9A1E7A4F7556}") = "manuelvalueentry.api", "manuelvalueentry.api\manuelvalueentry.api.csproj", "{9D0CB068-6DC4-47C3-9546-0250DB2FE7BA}"
EndProject
Project("{FAE04EC0-301F-11D3-BF4B-00C04F79EFBC}") = "manuelvalueentry.core", "manuelvalueentry.core\manuelvalueentry.core.csproj", "{62D2B687-B6EB-42F6-A569-44B2FDBA40B6}"
EndProject
Global
	GlobalSection(SolutionConfigurationPlatforms) = preSolution
		Debug|Any CPU = Debug|Any CPU
		Release|Any CPU = Release|Any CPU
	EndGlobalSection
	GlobalSection(ProjectConfigurationPlatforms) = postSolution
		{C67B238E-9B96-45DD-BBE3-3061D413C779}.Debug|Any CPU.ActiveCfg = Debug|Any CPU
		{C67B238E-9B96-45DD-BBE3-3061D413C779}.Debug|Any CPU.Build.0 = Debug|Any CPU
		{C67B238E-9B96-45DD-BBE3-3061D413C779}.Release|Any CPU.ActiveCfg = Release|Any CPU
		{C67B238E-9B96-45DD-BBE3-3061D413C779}.Release|Any CPU.Build.0 = Release|Any CPU
		{2AFAC838-6A20-4F17-88ED-058337D0C75B}.Debug|Any CPU.ActiveCfg = Debug|Any CPU
		{2AFAC838-6A20-4F17-88ED-058337D0C75B}.Debug|Any CPU.Build.0 = Debug|Any CPU
		{2AFAC838-6A20-4F17-88ED-058337D0C75B}.Release|Any CPU.ActiveCfg = Release|Any CPU
		{2AFAC838-6A20-4F17-88ED-058337D0C75B}.Release|Any CPU.Build.0 = Release|Any CPU
		{BCCE6B66-7B1B-4BD6-8E8A-4A6E7D695BAE}.Debug|Any CPU.ActiveCfg = Debug|Any CPU
		{BCCE6B66-7B1B-4BD6-8E8A-4A6E7D695BAE}.Debug|Any CPU.Build.0 = Debug|Any CPU
		{BCCE6B66-7B1B-4BD6-8E8A-4A6E7D695BAE}.Release|Any CPU.ActiveCfg = Release|Any CPU
		{BCCE6B66-7B1B-4BD6-8E8A-4A6E7D695BAE}.Release|Any CPU.Build.0 = Release|Any CPU
		{9D0CB068-6DC4-47C3-9546-0250DB2FE7BA}.Debug|Any CPU.ActiveCfg = Debug|Any CPU
		{9D0CB068-6DC4-47C3-9546-0250DB2FE7BA}.Debug|Any CPU.Build.0 = Debug|Any CPU
		{9D0CB068-6DC4-47C3-9546-0250DB2FE7BA}.Release|Any CPU.ActiveCfg = Release|Any CPU
		{9D0CB068-6DC4-47C3-9546-0250DB2FE7BA}.Release|Any CPU.Build.0 = Release|Any CPU
		{62D2B687-B6EB-42F6-A569-44B2FDBA40B6}.Debug|Any CPU.ActiveCfg = Debug|Any CPU
		{62D2B687-B6EB-42F6-A569-44B2FDBA40B6}.Debug|Any CPU.Build.0 = Debug|Any CPU
		{62D2B687-B6EB-42F6-A569-44B2FDBA40B6}.Release|Any CPU.ActiveCfg = Release|Any CPU
		{62D2B687-B6EB-42F6-A569-44B2FDBA40B6}.Release|Any CPU.Build.0 = Release|Any CPU
	EndGlobalSection
	GlobalSection(SolutionProperties) = preSolution
		HideSolutionNode = FALSE
	EndGlobalSection
	GlobalSection(ExtensibilityGlobals) = postSolution
		SolutionGuid = {A605DAA0-375C-4E15-8D08-3D8C811EA47B}
	EndGlobalSection
EndGlobal
